<?xml version="1.0" encoding="utf-8"?>
<Project ToolsVersion="4.0" xmlns="http://schemas.microsoft.com/developer/msbuild/2003">
  <ItemGroup>
    <Filter Include="Source Files">
      <UniqueIdentifier>{4FC737F1-C7A5-4376-A066-2A32D752A2FF}</UniqueIdentifier>
      <Extensions>cpp;c;cc;cxx;c++;cppm;ixx;def;odl;idl;hpj;bat;asm;asmx</Extensions>
    </Filter>
    <Filter Include="Header Files">
      <UniqueIdentifier>{93995380-89BD-4b04-88EB-625FBE52EBFB}</UniqueIdentifier>
      <Extensions>h;hh;hpp;hxx;h++;hm;inl;inc;ipp;xsd</Extensions>
    </Filter>
    <Filter Include="Resource Files">
      <UniqueIdentifier>{67DA6AB6-F800-4c08-8B7A-83BB121AAD01}</UniqueIdentifier>
      <Extensions>rc;ico;cur;bmp;dlg;rc2;rct;bin;rgs;gif;jpg;jpeg;jpe;resx;tiff;tif;png;wav;mfcribbon-ms</Extensions>
    </Filter>
    <Filter Include="Header Files\Dialogs">
      <UniqueIdentifier>{f497d88f-094d-4100-86ad-3ad8edc56ce0}</UniqueIdentifier>
    </Filter>
    <Filter Include="Source Files\Dialogs">
      <UniqueIdentifier>{78ad12c3-9718-4f23-be37-8ec761a1bb3f}</UniqueIdentifier>
    </Filter>
    <Filter Include="Header Files\Tools">
      <UniqueIdentifier>{24793d55-8fb6-4105-bc15-0aa11aed9a17}</UniqueIdentifier>
    </Filter>
  </ItemGroup>
  <ItemGroup>
    <ClInclude Include="DarkMatterRefinery.h">
      <Filter>Header Files</Filter>
    </ClInclude>
    <ClInclude Include="framework.h">
      <Filter>Header Files</Filter>
    </ClInclude>
    <ClInclude Include="targetver.h">
      <Filter>Header Files</Filter>
    </ClInclude>
    <ClInclude Include="MainFrm.h">
      <Filter>Header Files</Filter>
    </ClInclude>
    <ClInclude Include="ChildView.h">
      <Filter>Header Files</Filter>
    </ClInclude>
    <ClInclude Include="Resource.h">
      <Filter>Header Files</Filter>
    </ClInclude>
    <ClInclude Include="pch.h">
      <Filter>Header Files</Filter>
    </ClInclude>
    <ClInclude Include="CBlankView.h">
      <Filter>Header Files</Filter>
    </ClInclude>
    <ClInclude Include="CEngineView.h">
      <Filter>Header Files</Filter>
    </ClInclude>
    <ClInclude Include="EditorCamera.h">
      <Filter>Header Files</Filter>
    </ClInclude>
    <ClInclude Include="CEngineManager.h">
      <Filter>Header Files</Filter>
    </ClInclude>
    <ClInclude Include="CAssetView.h">
      <Filter>Header Files</Filter>
    </ClInclude>
    <ClInclude Include="CDMListCtrl.h">
      <Filter>Header Files</Filter>
    </ClInclude>
    <ClInclude Include="CImportPngDialog.h">
      <Filter>Header Files\Dialogs</Filter>
    </ClInclude>
    <ClInclude Include="DMEUtilities.h">
      <Filter>Header Files</Filter>
    </ClInclude>
    <ClInclude Include="DMEAppMessages.h">
      <Filter>Header Files</Filter>
    </ClInclude>
    <ClInclude Include="DMEViewRegistry.h">
      <Filter>Header Files</Filter>
    </ClInclude>
    <ClInclude Include="CErrorMessageDialog.h">
      <Filter>Header Files\Dialogs</Filter>
    </ClInclude>
    <ClInclude Include="CWorldView.h">
      <Filter>Header Files</Filter>
    </ClInclude>
    <ClInclude Include="CCellSettingsDialog.h">
      <Filter>Header Files\Dialogs</Filter>
    </ClInclude>
    <ClInclude Include="DMETerrainEditor.h">
      <Filter>Header Files\Tools</Filter>
    </ClInclude>
  </ItemGroup>
  <ItemGroup>
    <ClCompile Include="DarkMatterRefinery.cpp">
      <Filter>Source Files</Filter>
    </ClCompile>
    <ClCompile Include="MainFrm.cpp">
      <Filter>Source Files</Filter>
    </ClCompile>
    <ClCompile Include="ChildView.cpp">
      <Filter>Source Files</Filter>
    </ClCompile>
    <ClCompile Include="pch.cpp">
      <Filter>Source Files</Filter>
    </ClCompile>
    <ClCompile Include="CBlankView.cpp">
      <Filter>Source Files</Filter>
    </ClCompile>
    <ClCompile Include="CEngineView.cpp">
      <Filter>Source Files</Filter>
    </ClCompile>
    <ClCompile Include="EditorCamera.cpp">
      <Filter>Source Files</Filter>
    </ClCompile>
    <ClCompile Include="CEngineManager.cpp">
      <Filter>Source Files</Filter>
    </ClCompile>
    <ClCompile Include="CAssetView.cpp">
      <Filter>Source Files</Filter>
    </ClCompile>
    <ClCompile Include="CDMListCtrl.cpp">
      <Filter>Source Files</Filter>
    </ClCompile>
    <ClCompile Include="CImportPngDialog.cpp">
      <Filter>Source Files\Dialogs</Filter>
    </ClCompile>
    <ClCompile Include="DMEViewRegistry.cpp">
      <Filter>Source Files</Filter>
    </ClCompile>
    <ClCompile Include="CErrorMessageDialog.cpp">
      <Filter>Source Files\Dialogs</Filter>
    </ClCompile>
    <ClCompile Include="CWorldView.cpp">
      <Filter>Source Files</Filter>
    </ClCompile>
    <ClCompile Include="CCellSettingsDialog.cpp">
      <Filter>Source Files\Dialogs</Filter>
    </ClCompile>
  </ItemGroup>
  <ItemGroup>
    <ResourceCompile Include="DarkMatterRefinery.rc">
      <Filter>Resource Files</Filter>
    </ResourceCompile>
  </ItemGroup>
  <ItemGroup>
    <None Include="res\DarkMatterRefinery.rc2">
      <Filter>Resource Files</Filter>
    </None>
  </ItemGroup>
  <ItemGroup>
    <Image Include="res\DarkMatterRefinery.ico">
      <Filter>Resource Files</Filter>
    </Image>
    <Image Include="res\toolbar1.bmp">
      <Filter>Resource Files</Filter>
    </Image>
  </ItemGroup>
  <ItemGroup>
    <CopyFileToFolders Include="..\deps\SDL3-3.2.4\SDL3.dll" />
  </ItemGroup>
</Project>